
Microsoft Visual Studio Solution File, Format Version 12.00
# Visual Studio Version 17
VisualStudioVersion = 17.1.32421.90
MinimumVisualStudioVersion = 10.0.40219.1
Project("{FAE04EC0-301F-11D3-BF4B-00C04F79EFBC}") = "MoodBot", "MoodBot.csproj", "{5ADF9B9A-4066-452A-98EE-55007416CD0B}"
EndProject
Global
	GlobalSection(SolutionConfigurationPlatforms) = preSolution
		Debug|Any CPU = Debug|Any CPU
		Release|Any CPU = Release|Any CPU
	EndGlobalSection
	GlobalSection(ProjectConfigurationPlatforms) = postSolution
		{5ADF9B9A-4066-452A-98EE-55007416CD0B}.Debug|Any CPU.ActiveCfg = Debug|Any CPU
		{5ADF9B9A-4066-452A-98EE-55007416CD0B}.Debug|Any CPU.Build.0 = Debug|Any CPU
		{5ADF9B9A-4066-452A-98EE-55007416CD0B}.Release|Any CPU.ActiveCfg = Release|Any CPU
		{5ADF9B9A-4066-452A-98EE-55007416CD0B}.Release|Any CPU.Build.0 = Release|Any CPU
	EndGlobalSection
	GlobalSection(SolutionProperties) = preSolution
		HideSolutionNode = FALSE
	EndGlobalSection
	GlobalSection(ExtensibilityGlobals) = postSolution
		SolutionGuid = {760A4D03-7964-464E-A08F-7D02AB7D2435}
	EndGlobalSection
EndGlobal
